
Microsoft Visual Studio Solution File, Format Version 12.00
# Visual Studio Version 17
VisualStudioVersion = 17.5.002.0
MinimumVisualStudioVersion = 10.0.40219.1
Project("{2150E333-8FDC-42A3-9474-1A3956D46DE8}") = "backend", "backend", "{5FEE6AC4-A93D-4786-8316-D2BF9A23F493}"
EndProject
Project("{9A19103F-16F7-4668-BE54-9A1E7A4F7556}") = "api", "backend\api\api.csproj", "{DA88CDBE-B34F-490A-A434-89247D76AAA2}"
EndProject
Global
	GlobalSection(SolutionConfigurationPlatforms) = preSolution
		Debug|Any CPU = Debug|Any CPU
		Release|Any CPU = Release|Any CPU
	EndGlobalSection
	GlobalSection(ProjectConfigurationPlatforms) = postSolution
		{DA88CDBE-B34F-490A-A434-89247D76AAA2}.Debug|Any CPU.ActiveCfg = Debug|Any CPU
		{DA88CDBE-B34F-490A-A434-89247D76AAA2}.Debug|Any CPU.Build.0 = Debug|Any CPU
		{DA88CDBE-B34F-490A-A434-89247D76AAA2}.Release|Any CPU.ActiveCfg = Release|Any CPU
		{DA88CDBE-B34F-490A-A434-89247D76AAA2}.Release|Any CPU.Build.0 = Release|Any CPU
	EndGlobalSection
	GlobalSection(SolutionProperties) = preSolution
		HideSolutionNode = FALSE
	EndGlobalSection
	GlobalSection(NestedProjects) = preSolution
		{DA88CDBE-B34F-490A-A434-89247D76AAA2} = {5FEE6AC4-A93D-4786-8316-D2BF9A23F493}
	EndGlobalSection
	GlobalSection(ExtensibilityGlobals) = postSolution
		SolutionGuid = {5DFDA73F-047C-4A3B-BFD2-99D69CC04E6A}
	EndGlobalSection
EndGlobal
